
Microsoft Visual Studio Solution File, Format Version 12.00
# Visual Studio Version 16
VisualStudioVersion = 16.0.30503.244
MinimumVisualStudioVersion = 10.0.40219.1
Project("{FAE04EC0-301F-11D3-BF4B-00C04F79EFBC}") = "GUI", "GUI\GUI.csproj", "{996608AB-7F84-40EC-A795-96FC550B8405}"
EndProject
Project("{FAE04EC0-301F-11D3-BF4B-00C04F79EFBC}") = "Service", "Service\Service.csproj", "{CADCB4E1-6069-4430-89E6-86C298C79931}"
EndProject
Project("{2150E333-8FDC-42A3-9474-1A3956D46DE8}") = "WFC_TCP_IP", "WFC_TCP_IP", "{210D0CF6-0F73-46F1-BBC7-BB7AFBC31096}"
EndProject
Project("{FAE04EC0-301F-11D3-BF4B-00C04F79EFBC}") = "ChatApp.Contacts", "ChatApp.Contacts\ChatApp.Contacts.csproj", "{A4FAE866-B719-478D-B028-9A5DAE841CD8}"
EndProject
Project("{2150E333-8FDC-42A3-9474-1A3956D46DE8}") = "WFC_Example", "WFC_Example", "{644F54C7-6B39-4172-9705-5B8BC511E889}"
EndProject
Project("{FAE04EC0-301F-11D3-BF4B-00C04F79EFBC}") = "ChatApp.Service", "ChatApp.Service\ChatApp.Service.csproj", "{62785FED-E60E-449D-B099-2FD74D612A5C}"
EndProject
Project("{FAE04EC0-301F-11D3-BF4B-00C04F79EFBC}") = "Common", "Common\Common.csproj", "{231EC1BE-0B7C-43B3-BB9C-200DDA17976D}"
EndProject
Project("{FAE04EC0-301F-11D3-BF4B-00C04F79EFBC}") = "Install", "Install\Install.csproj", "{B2F690AC-DB87-4A18-ABEF-FBC4052DE3B9}"
EndProject
Project("{FAE04EC0-301F-11D3-BF4B-00C04F79EFBC}") = "Uninstall", "Uninstall\Uninstall.csproj", "{EBABC400-4B3A-4700-922D-373EFCF7B12A}"
EndProject
Project("{FAE04EC0-301F-11D3-BF4B-00C04F79EFBC}") = "WpfApplication", "WpfApplication\WpfApplication.csproj", "{9A4E4702-B6D2-448F-A0BD-0CD3B6987AB1}"
EndProject
Global
	GlobalSection(SolutionConfigurationPlatforms) = preSolution
		Debug|Any CPU = Debug|Any CPU
		Release|Any CPU = Release|Any CPU
	EndGlobalSection
	GlobalSection(ProjectConfigurationPlatforms) = postSolution
		{996608AB-7F84-40EC-A795-96FC550B8405}.Debug|Any CPU.ActiveCfg = Debug|Any CPU
		{996608AB-7F84-40EC-A795-96FC550B8405}.Debug|Any CPU.Build.0 = Debug|Any CPU
		{996608AB-7F84-40EC-A795-96FC550B8405}.Release|Any CPU.ActiveCfg = Release|Any CPU
		{996608AB-7F84-40EC-A795-96FC550B8405}.Release|Any CPU.Build.0 = Release|Any CPU
		{CADCB4E1-6069-4430-89E6-86C298C79931}.Debug|Any CPU.ActiveCfg = Debug|Any CPU
		{CADCB4E1-6069-4430-89E6-86C298C79931}.Debug|Any CPU.Build.0 = Debug|Any CPU
		{CADCB4E1-6069-4430-89E6-86C298C79931}.Release|Any CPU.ActiveCfg = Release|Any CPU
		{CADCB4E1-6069-4430-89E6-86C298C79931}.Release|Any CPU.Build.0 = Release|Any CPU
		{A4FAE866-B719-478D-B028-9A5DAE841CD8}.Debug|Any CPU.ActiveCfg = Debug|Any CPU
		{A4FAE866-B719-478D-B028-9A5DAE841CD8}.Debug|Any CPU.Build.0 = Debug|Any CPU
		{A4FAE866-B719-478D-B028-9A5DAE841CD8}.Release|Any CPU.ActiveCfg = Release|Any CPU
		{A4FAE866-B719-478D-B028-9A5DAE841CD8}.Release|Any CPU.Build.0 = Release|Any CPU
		{62785FED-E60E-449D-B099-2FD74D612A5C}.Debug|Any CPU.ActiveCfg = Debug|Any CPU
		{62785FED-E60E-449D-B099-2FD74D612A5C}.Debug|Any CPU.Build.0 = Debug|Any CPU
		{62785FED-E60E-449D-B099-2FD74D612A5C}.Release|Any CPU.ActiveCfg = Release|Any CPU
		{62785FED-E60E-449D-B099-2FD74D612A5C}.Release|Any CPU.Build.0 = Release|Any CPU
		{231EC1BE-0B7C-43B3-BB9C-200DDA17976D}.Debug|Any CPU.ActiveCfg = Debug|Any CPU
		{231EC1BE-0B7C-43B3-BB9C-200DDA17976D}.Debug|Any CPU.Build.0 = Debug|Any CPU
		{231EC1BE-0B7C-43B3-BB9C-200DDA17976D}.Release|Any CPU.ActiveCfg = Release|Any CPU
		{231EC1BE-0B7C-43B3-BB9C-200DDA17976D}.Release|Any CPU.Build.0 = Release|Any CPU
		{B2F690AC-DB87-4A18-ABEF-FBC4052DE3B9}.Debug|Any CPU.ActiveCfg = Debug|Any CPU
		{B2F690AC-DB87-4A18-ABEF-FBC4052DE3B9}.Debug|Any CPU.Build.0 = Debug|Any CPU
		{B2F690AC-DB87-4A18-ABEF-FBC4052DE3B9}.Release|Any CPU.ActiveCfg = Release|Any CPU
		{B2F690AC-DB87-4A18-ABEF-FBC4052DE3B9}.Release|Any CPU.Build.0 = Release|Any CPU
		{EBABC400-4B3A-4700-922D-373EFCF7B12A}.Debug|Any CPU.ActiveCfg = Debug|Any CPU
		{EBABC400-4B3A-4700-922D-373EFCF7B12A}.Debug|Any CPU.Build.0 = Debug|Any CPU
		{EBABC400-4B3A-4700-922D-373EFCF7B12A}.Release|Any CPU.ActiveCfg = Release|Any CPU
		{EBABC400-4B3A-4700-922D-373EFCF7B12A}.Release|Any CPU.Build.0 = Release|Any CPU
		{9A4E4702-B6D2-448F-A0BD-0CD3B6987AB1}.Debug|Any CPU.ActiveCfg = Debug|Any CPU
		{9A4E4702-B6D2-448F-A0BD-0CD3B6987AB1}.Debug|Any CPU.Build.0 = Debug|Any CPU
		{9A4E4702-B6D2-448F-A0BD-0CD3B6987AB1}.Release|Any CPU.ActiveCfg = Release|Any CPU
		{9A4E4702-B6D2-448F-A0BD-0CD3B6987AB1}.Release|Any CPU.Build.0 = Release|Any CPU
	EndGlobalSection
	GlobalSection(SolutionProperties) = preSolution
		HideSolutionNode = FALSE
	EndGlobalSection
	GlobalSection(NestedProjects) = preSolution
		{996608AB-7F84-40EC-A795-96FC550B8405} = {644F54C7-6B39-4172-9705-5B8BC511E889}
		{CADCB4E1-6069-4430-89E6-86C298C79931} = {644F54C7-6B39-4172-9705-5B8BC511E889}
		{A4FAE866-B719-478D-B028-9A5DAE841CD8} = {210D0CF6-0F73-46F1-BBC7-BB7AFBC31096}
		{62785FED-E60E-449D-B099-2FD74D612A5C} = {210D0CF6-0F73-46F1-BBC7-BB7AFBC31096}
		{231EC1BE-0B7C-43B3-BB9C-200DDA17976D} = {644F54C7-6B39-4172-9705-5B8BC511E889}
		{B2F690AC-DB87-4A18-ABEF-FBC4052DE3B9} = {644F54C7-6B39-4172-9705-5B8BC511E889}
		{EBABC400-4B3A-4700-922D-373EFCF7B12A} = {644F54C7-6B39-4172-9705-5B8BC511E889}
	EndGlobalSection
	GlobalSection(ExtensibilityGlobals) = postSolution
		SolutionGuid = {A5EE645F-9CDA-4FE1-9C57-B5267925479B}
	EndGlobalSection
EndGlobal
